%{"calliope": {:hex, :calliope, "0.3.0", "81c2937b27094eee8f8a3fce5effb9140cb8a1fbc03620c6ff57a798d400a3ce", [:mix], []},
  "certifi": {:hex, :certifi, "1.0.0", "1c787a85b1855ba354f0b8920392c19aa1d06b0ee1362f9141279620a5be2039", [:rebar3], []},
  "cowboy": {:hex, :cowboy, "1.1.2", "61ac29ea970389a88eca5a65601460162d370a70018afe6f949a29dca91f3bb0", [:rebar3], [{:cowlib, "~> 1.0.2", [hex: :cowlib, optional: false]}, {:ranch, "~> 1.3.2", [hex: :ranch, optional: false]}]},
  "cowlib": {:hex, :cowlib, "1.0.2", "9d769a1d062c9c3ac753096f868ca121e2730b9a377de23dec0f7e08b1df84ee", [:make], []},
  "hackney": {:hex, :hackney, "1.7.1", "e238c52c5df3c3b16ce613d3a51c7220a784d734879b1e231c9babd433ac1cb4", [:rebar3], [{:certifi, "1.0.0", [hex: :certifi, optional: false]}, {:idna, "4.0.0", [hex: :idna, optional: false]}, {:metrics, "1.0.1", [hex: :metrics, optional: false]}, {:mimerl, "1.0.2", [hex: :mimerl, optional: false]}, {:ssl_verify_fun, "1.1.1", [hex: :ssl_verify_fun, optional: false]}]},
  "http_router": {:hex, :http_router, "0.10.0", "32289f6a86d121ca3bb6c88c29927786a82855d7e898079b4fcfcf6d26bf8b50", [:mix], [{:cowboy, "~> 1.0", [hex: :cowboy, optional: false]}, {:plug, "~> 1.0", [hex: :plug, optional: false]}, {:poison, "~> 3.0", [hex: :poison, optional: false]}, {:xml_builder, "~> 0.0", [hex: :xml_builder, optional: false]}]},
  "httpoison": {:hex, :httpoison, "0.11.1", "d06c571274c0e77b6cc50e548db3fd7779f611fbed6681fd60a331f66c143a0b", [:mix], [{:hackney, "~> 1.7.0", [hex: :hackney, optional: false]}]},
  "idna": {:hex, :idna, "4.0.0", "10aaa9f79d0b12cf0def53038547855b91144f1bfcc0ec73494f38bb7b9c4961", [:rebar3], []},
  "metrics": {:hex, :metrics, "1.0.1", "25f094dea2cda98213cecc3aeff09e940299d950904393b2a29d191c346a8486", [:rebar3], []},
  "mime": {:hex, :mime, "1.1.0", "01c1d6f4083d8aa5c7b8c246ade95139620ef8effb009edde934e0ec3b28090a", [:mix], []},
  "mimerl": {:hex, :mimerl, "1.0.2", "993f9b0e084083405ed8252b99460c4f0563e41729ab42d9074fd5e52439be88", [:rebar3], []},
  "nadia": {:hex, :nadia, "0.4.2", "a0ec739815674581e74b407450e448aa494921889c62f2b5d18ee2a43f6bad2e", [:mix], [{:httpoison, "~> 0.9", [hex: :httpoison, optional: false]}, {:poison, "~> 3.0", [hex: :poison, optional: false]}]},
  "plug": {:hex, :plug, "1.3.4", "b4ef3a383f991bfa594552ded44934f2a9853407899d47ecc0481777fb1906f6", [:mix], [{:cowboy, "~> 1.0.1 or ~> 1.1", [hex: :cowboy, optional: true]}, {:mime, "~> 1.0", [hex: :mime, optional: false]}]},
  "plugs": {:hex, :plugs, "0.1.1", "ef06c91c04c4db600a9f532f970a074ac06f5630514db4c3574f94489e0cfcb4", [:mix], [{:cowboy, "~> 1.0", [hex: :cowboy, optional: false]}, {:plug, "~> 1.0", [hex: :plug, optional: false]}]},
  "poison": {:hex, :poison, "3.1.0", "d9eb636610e096f86f25d9a46f35a9facac35609a7591b3be3326e99a0484665", [:mix], []},
  "ranch": {:hex, :ranch, "1.3.2", "e4965a144dc9fbe70e5c077c65e73c57165416a901bd02ea899cfd95aa890986", [:rebar3], []},
  "ssl_verify_fun": {:hex, :ssl_verify_fun, "1.1.1", "28a4d65b7f59893bc2c7de786dec1e1555bd742d336043fe644ae956c3497fbe", [:make, :rebar], []},
  "sugar": {:hex, :sugar, "0.5.0", "488dbf016e173edadb665e2b7fb506db1cee8f977aef03bfc646f70b93280830", [:mix], [{:cowboy, "~> 1.0", [hex: :cowboy, optional: false]}, {:http_router, "~> 0.10", [hex: :http_router, optional: false]}, {:plug, "~> 1.0", [hex: :plug, optional: false]}, {:plugs, "~> 0.1", [hex: :plugs, optional: false]}, {:poison, "~> 3.0", [hex: :poison, optional: false]}, {:templates, "~> 0.0", [hex: :templates, optional: false]}]},
  "templates": {:hex, :templates, "0.0.5", "d9b4cbdd375890c0409e3928041188ef9fedcddc6d1eb3da7ee21eb67844cf15", [:mix], [{:calliope, "~> 0.3.0", [hex: :calliope, optional: false]}]},
  "xml_builder": {:hex, :xml_builder, "0.0.9", "68f336e8c5ba32c130d13e96a379cd77e0dbb1c5152c35a30be96c1d1566b05e", [:mix], []}}
